
Microsoft Visual Studio Solution File, Format Version 12.00
# Visual Studio Version 17
VisualStudioVersion = 17.5.33530.505
MinimumVisualStudioVersion = 10.0.40219.1
Project("{9A19103F-16F7-4668-BE54-9A1E7A4F7556}") = "CustomerManagement.Domain", "CustomerManagement.Shared\CustomerManagement.Domain.csproj", "{03267E52-BB36-419D-96C3-A0844FF26C32}"
EndProject
Project("{9A19103F-16F7-4668-BE54-9A1E7A4F7556}") = "CustomerManagement.API", "CustomerManagement.API\CustomerManagement.API.csproj", "{C53CF36E-F09F-4D0B-ADE0-DFB9218710ED}"
EndProject
Project("{9A19103F-16F7-4668-BE54-9A1E7A4F7556}") = "CustomerManagement.Persistence", "CustomerManagement.Repositories\CustomerManagement.Persistence.csproj", "{CF7EE9B7-3C2F-4D48-AE9A-E59CFB8BBEF4}"
EndProject
Project("{9A19103F-16F7-4668-BE54-9A1E7A4F7556}") = "CustomerManagement.Services", "CustomerManagement.Services\CustomerManagement.Services.csproj", "{6DC80630-4801-45C0-8518-02D36AFA1E7A}"
EndProject
Global
	GlobalSection(SolutionConfigurationPlatforms) = preSolution
		Debug|Any CPU = Debug|Any CPU
		Release|Any CPU = Release|Any CPU
	EndGlobalSection
	GlobalSection(ProjectConfigurationPlatforms) = postSolution
		{03267E52-BB36-419D-96C3-A0844FF26C32}.Debug|Any CPU.ActiveCfg = Debug|Any CPU
		{03267E52-BB36-419D-96C3-A0844FF26C32}.Debug|Any CPU.Build.0 = Debug|Any CPU
		{03267E52-BB36-419D-96C3-A0844FF26C32}.Release|Any CPU.ActiveCfg = Release|Any CPU
		{03267E52-BB36-419D-96C3-A0844FF26C32}.Release|Any CPU.Build.0 = Release|Any CPU
		{C53CF36E-F09F-4D0B-ADE0-DFB9218710ED}.Debug|Any CPU.ActiveCfg = Debug|Any CPU
		{C53CF36E-F09F-4D0B-ADE0-DFB9218710ED}.Debug|Any CPU.Build.0 = Debug|Any CPU
		{C53CF36E-F09F-4D0B-ADE0-DFB9218710ED}.Release|Any CPU.ActiveCfg = Release|Any CPU
		{C53CF36E-F09F-4D0B-ADE0-DFB9218710ED}.Release|Any CPU.Build.0 = Release|Any CPU
		{CF7EE9B7-3C2F-4D48-AE9A-E59CFB8BBEF4}.Debug|Any CPU.ActiveCfg = Debug|Any CPU
		{CF7EE9B7-3C2F-4D48-AE9A-E59CFB8BBEF4}.Debug|Any CPU.Build.0 = Debug|Any CPU
		{CF7EE9B7-3C2F-4D48-AE9A-E59CFB8BBEF4}.Release|Any CPU.ActiveCfg = Release|Any CPU
		{CF7EE9B7-3C2F-4D48-AE9A-E59CFB8BBEF4}.Release|Any CPU.Build.0 = Release|Any CPU
		{6DC80630-4801-45C0-8518-02D36AFA1E7A}.Debug|Any CPU.ActiveCfg = Debug|Any CPU
		{6DC80630-4801-45C0-8518-02D36AFA1E7A}.Debug|Any CPU.Build.0 = Debug|Any CPU
		{6DC80630-4801-45C0-8518-02D36AFA1E7A}.Release|Any CPU.ActiveCfg = Release|Any CPU
		{6DC80630-4801-45C0-8518-02D36AFA1E7A}.Release|Any CPU.Build.0 = Release|Any CPU
	EndGlobalSection
	GlobalSection(SolutionProperties) = preSolution
		HideSolutionNode = FALSE
	EndGlobalSection
	GlobalSection(ExtensibilityGlobals) = postSolution
		SolutionGuid = {3E38978A-E67A-41DD-A861-C1FA66E1B067}
	EndGlobalSection
EndGlobal
